
Microsoft Visual Studio Solution File, Format Version 12.00
# Visual Studio 15
VisualStudioVersion = 15.0.26206.0
MinimumVisualStudioVersion = 10.0.40219.1
Project("{9A19103F-16F7-4668-BE54-9A1E7A4F7556}") = "ShaneSpace.Playground.DonNetCore", "src\ShaneSpace.Playground.DonNetCore\ShaneSpace.Playground.DonNetCore.csproj", "{0F17223B-4B8D-41C9-95BC-21076F0F47F4}"
EndProject
Project("{2150E333-8FDC-42A3-9474-1A3956D46DE8}") = "Solution Items", "Solution Items", "{916ACFA5-A645-4871-910D-5BF051EBD230}"
	ProjectSection(SolutionItems) = preProject
		.gitignore = .gitignore
		README.md = README.md
	EndProjectSection
EndProject
Project("{FAE04EC0-301F-11D3-BF4B-00C04F79EFBC}") = "ShaneSpace.Playground.ClassLibrary1", "src\ShaneSpace.Playground.ClassLibrary1\ShaneSpace.Playground.ClassLibrary1.csproj", "{3EF00966-0F0F-4E7D-A871-D2A04CE81577}"
EndProject
Project("{FAE04EC0-301F-11D3-BF4B-00C04F79EFBC}") = "ShaneSpace.Playground.ConsoleApp1", "src\ShaneSpace.Playground.ConsoleApp1\ShaneSpace.Playground.ConsoleApp1.csproj", "{55BFECC5-B2A0-44EF-8A11-AF67BDEB3A08}"
EndProject
Project("{9A19103F-16F7-4668-BE54-9A1E7A4F7556}") = "ShaneSpace.Playground.DotNetReact", "src\ShaneSpace.Playground.DotNetReact\ShaneSpace.Playground.DotNetReact.csproj", "{ABD36C50-50DE-4778-9C92-46EC436D2880}"
EndProject
Project("{9A19103F-16F7-4668-BE54-9A1E7A4F7556}") = "ShaneSpace.Playground.DotNetAngular", "src\ShaneSpace.Playground.DotNetAngular\ShaneSpace.Playground.DotNetAngular.csproj", "{90F2E494-A9A1-42D6-8E67-1735C14A3691}"
EndProject
Global
	GlobalSection(SolutionConfigurationPlatforms) = preSolution
		Debug|Any CPU = Debug|Any CPU
		Debug|x64 = Debug|x64
		Debug|x86 = Debug|x86
		Release|Any CPU = Release|Any CPU
		Release|x64 = Release|x64
		Release|x86 = Release|x86
	EndGlobalSection
	GlobalSection(ProjectConfigurationPlatforms) = postSolution
		{0F17223B-4B8D-41C9-95BC-21076F0F47F4}.Debug|Any CPU.ActiveCfg = Debug|Any CPU
		{0F17223B-4B8D-41C9-95BC-21076F0F47F4}.Debug|Any CPU.Build.0 = Debug|Any CPU
		{0F17223B-4B8D-41C9-95BC-21076F0F47F4}.Debug|x64.ActiveCfg = Debug|x64
		{0F17223B-4B8D-41C9-95BC-21076F0F47F4}.Debug|x64.Build.0 = Debug|x64
		{0F17223B-4B8D-41C9-95BC-21076F0F47F4}.Debug|x86.ActiveCfg = Debug|x86
		{0F17223B-4B8D-41C9-95BC-21076F0F47F4}.Debug|x86.Build.0 = Debug|x86
		{0F17223B-4B8D-41C9-95BC-21076F0F47F4}.Release|Any CPU.ActiveCfg = Release|Any CPU
		{0F17223B-4B8D-41C9-95BC-21076F0F47F4}.Release|Any CPU.Build.0 = Release|Any CPU
		{0F17223B-4B8D-41C9-95BC-21076F0F47F4}.Release|x64.ActiveCfg = Release|x64
		{0F17223B-4B8D-41C9-95BC-21076F0F47F4}.Release|x64.Build.0 = Release|x64
		{0F17223B-4B8D-41C9-95BC-21076F0F47F4}.Release|x86.ActiveCfg = Release|x86
		{0F17223B-4B8D-41C9-95BC-21076F0F47F4}.Release|x86.Build.0 = Release|x86
		{3EF00966-0F0F-4E7D-A871-D2A04CE81577}.Debug|Any CPU.ActiveCfg = Debug|Any CPU
		{3EF00966-0F0F-4E7D-A871-D2A04CE81577}.Debug|Any CPU.Build.0 = Debug|Any CPU
		{3EF00966-0F0F-4E7D-A871-D2A04CE81577}.Debug|x64.ActiveCfg = Debug|Any CPU
		{3EF00966-0F0F-4E7D-A871-D2A04CE81577}.Debug|x64.Build.0 = Debug|Any CPU
		{3EF00966-0F0F-4E7D-A871-D2A04CE81577}.Debug|x86.ActiveCfg = Debug|Any CPU
		{3EF00966-0F0F-4E7D-A871-D2A04CE81577}.Debug|x86.Build.0 = Debug|Any CPU
		{3EF00966-0F0F-4E7D-A871-D2A04CE81577}.Release|Any CPU.ActiveCfg = Release|Any CPU
		{3EF00966-0F0F-4E7D-A871-D2A04CE81577}.Release|Any CPU.Build.0 = Release|Any CPU
		{3EF00966-0F0F-4E7D-A871-D2A04CE81577}.Release|x64.ActiveCfg = Release|Any CPU
		{3EF00966-0F0F-4E7D-A871-D2A04CE81577}.Release|x64.Build.0 = Release|Any CPU
		{3EF00966-0F0F-4E7D-A871-D2A04CE81577}.Release|x86.ActiveCfg = Release|Any CPU
		{3EF00966-0F0F-4E7D-A871-D2A04CE81577}.Release|x86.Build.0 = Release|Any CPU
		{55BFECC5-B2A0-44EF-8A11-AF67BDEB3A08}.Debug|Any CPU.ActiveCfg = Debug|Any CPU
		{55BFECC5-B2A0-44EF-8A11-AF67BDEB3A08}.Debug|Any CPU.Build.0 = Debug|Any CPU
		{55BFECC5-B2A0-44EF-8A11-AF67BDEB3A08}.Debug|x64.ActiveCfg = Debug|Any CPU
		{55BFECC5-B2A0-44EF-8A11-AF67BDEB3A08}.Debug|x64.Build.0 = Debug|Any CPU
		{55BFECC5-B2A0-44EF-8A11-AF67BDEB3A08}.Debug|x86.ActiveCfg = Debug|Any CPU
		{55BFECC5-B2A0-44EF-8A11-AF67BDEB3A08}.Debug|x86.Build.0 = Debug|Any CPU
		{55BFECC5-B2A0-44EF-8A11-AF67BDEB3A08}.Release|Any CPU.ActiveCfg = Release|Any CPU
		{55BFECC5-B2A0-44EF-8A11-AF67BDEB3A08}.Release|Any CPU.Build.0 = Release|Any CPU
		{55BFECC5-B2A0-44EF-8A11-AF67BDEB3A08}.Release|x64.ActiveCfg = Release|Any CPU
		{55BFECC5-B2A0-44EF-8A11-AF67BDEB3A08}.Release|x64.Build.0 = Release|Any CPU
		{55BFECC5-B2A0-44EF-8A11-AF67BDEB3A08}.Release|x86.ActiveCfg = Release|Any CPU
		{55BFECC5-B2A0-44EF-8A11-AF67BDEB3A08}.Release|x86.Build.0 = Release|Any CPU
		{ABD36C50-50DE-4778-9C92-46EC436D2880}.Debug|Any CPU.ActiveCfg = Debug|Any CPU
		{ABD36C50-50DE-4778-9C92-46EC436D2880}.Debug|Any CPU.Build.0 = Debug|Any CPU
		{ABD36C50-50DE-4778-9C92-46EC436D2880}.Debug|x64.ActiveCfg = Debug|x64
		{ABD36C50-50DE-4778-9C92-46EC436D2880}.Debug|x64.Build.0 = Debug|x64
		{ABD36C50-50DE-4778-9C92-46EC436D2880}.Debug|x86.ActiveCfg = Debug|x86
		{ABD36C50-50DE-4778-9C92-46EC436D2880}.Debug|x86.Build.0 = Debug|x86
		{ABD36C50-50DE-4778-9C92-46EC436D2880}.Release|Any CPU.ActiveCfg = Release|Any CPU
		{ABD36C50-50DE-4778-9C92-46EC436D2880}.Release|Any CPU.Build.0 = Release|Any CPU
		{ABD36C50-50DE-4778-9C92-46EC436D2880}.Release|x64.ActiveCfg = Release|x64
		{ABD36C50-50DE-4778-9C92-46EC436D2880}.Release|x64.Build.0 = Release|x64
		{ABD36C50-50DE-4778-9C92-46EC436D2880}.Release|x86.ActiveCfg = Release|x86
		{ABD36C50-50DE-4778-9C92-46EC436D2880}.Release|x86.Build.0 = Release|x86
		{90F2E494-A9A1-42D6-8E67-1735C14A3691}.Debug|Any CPU.ActiveCfg = Debug|Any CPU
		{90F2E494-A9A1-42D6-8E67-1735C14A3691}.Debug|Any CPU.Build.0 = Debug|Any CPU
		{90F2E494-A9A1-42D6-8E67-1735C14A3691}.Debug|x64.ActiveCfg = Debug|x64
		{90F2E494-A9A1-42D6-8E67-1735C14A3691}.Debug|x64.Build.0 = Debug|x64
		{90F2E494-A9A1-42D6-8E67-1735C14A3691}.Debug|x86.ActiveCfg = Debug|x86
		{90F2E494-A9A1-42D6-8E67-1735C14A3691}.Debug|x86.Build.0 = Debug|x86
		{90F2E494-A9A1-42D6-8E67-1735C14A3691}.Release|Any CPU.ActiveCfg = Release|Any CPU
		{90F2E494-A9A1-42D6-8E67-1735C14A3691}.Release|Any CPU.Build.0 = Release|Any CPU
		{90F2E494-A9A1-42D6-8E67-1735C14A3691}.Release|x64.ActiveCfg = Release|x64
		{90F2E494-A9A1-42D6-8E67-1735C14A3691}.Release|x64.Build.0 = Release|x64
		{90F2E494-A9A1-42D6-8E67-1735C14A3691}.Release|x86.ActiveCfg = Release|x86
		{90F2E494-A9A1-42D6-8E67-1735C14A3691}.Release|x86.Build.0 = Release|x86
	EndGlobalSection
	GlobalSection(SolutionProperties) = preSolution
		HideSolutionNode = FALSE
	EndGlobalSection
EndGlobal
